github.com/gorilla/websocket v1.5.3 h1:saDtZ6Pbx/0u+bgYQ3q96pZgCzfhKXGPqt7kZ72aNNg=
github.com/gorilla/websocket v1.5.3/go.mod h1:YR8l580nyteQvAITg2hZ9XVh4b55+EU/adAjf1fMHhE=
github.com/lib/pq v1.12.3 h1:tTWxr2YLKwIvK90ZXEw8GP7UFHtcbTtty8zsI+YjrfQ=
github.com/lib/pq v1.12.3/go.mod h1:/p+8NSbOcwzAEI7wiMXFlgydTwcgTr3OSKMsD2BitpA=
github.com/treepeck/chego v0.5.0 h1:pebn3S8Dj7UfOtKqpcOlv9I9zAl2MFcHxwsxMIf0g30=
github.com/treepeck/chego v0.5.0/go.mod h1:LTZ/UZ8vevs3fiHQJmXTN8j0mzs+x9uLkY3Y1vVqzJQ=
github.com/treepeck/justchess v0.0.0-20260907151215-c0a838f02562 h1:qFMbDukKMr79ZiJ9cXKla5VmvpgHmrzdgY3SBzomEXc=
github.com/treepeck/justchess v0.0.0-20260907151215-c0a838f02562/go.mod h1:1+Z8LX6oi/RvsUDrv22q++jfdDg7vLhubh30O2P9LwA=
golang.org/x/crypto v0.56.0 h1:GUh5Ii4J5jtcseSMiRqr1jXCNHoxjeV9Fmekc2oLy6Y=
golang.org/x/crypto v0.56.0/go.mod h1:OMW5y6CY9l38uPLmxU6l6pwcXp1obtLo3e6gT7gQR2I=
